
Microsoft Visual Studio Solution File, Format Version 12.00
# Visual Studio Version 16
VisualStudioVersion = 16.0.31424.327
MinimumVisualStudioVersion = 10.0.40219.1
Project("{FAE04EC0-301F-11D3-BF4B-00C04F79EFBC}") = "ConsoleSound", "ConsoleSound.csproj", "{920BCE1A-6C23-45D7-9E48-85D5038F09B5}"
EndProject
Global
	GlobalSection(SolutionConfigurationPlatforms) = preSolution
		Debug|Any CPU = Debug|Any CPU
		Release|Any CPU = Release|Any CPU
	EndGlobalSection
	GlobalSection(ProjectConfigurationPlatforms) = postSolution
		{920BCE1A-6C23-45D7-9E48-85D5038F09B5}.Debug|Any CPU.ActiveCfg = Debug|Any CPU
		{920BCE1A-6C23-45D7-9E48-85D5038F09B5}.Debug|Any CPU.Build.0 = Debug|Any CPU
		{920BCE1A-6C23-45D7-9E48-85D5038F09B5}.Release|Any CPU.ActiveCfg = Release|Any CPU
		{920BCE1A-6C23-45D7-9E48-85D5038F09B5}.Release|Any CPU.Build.0 = Release|Any CPU
	EndGlobalSection
	GlobalSection(SolutionProperties) = preSolution
		HideSolutionNode = FALSE
	EndGlobalSection
	GlobalSection(ExtensibilityGlobals) = postSolution
		SolutionGuid = {9BD30EF8-7424-45AF-8CA3-F9658EFDF558}
	EndGlobalSection
EndGlobal
